
Microsoft Visual Studio Solution File, Format Version 12.00
# Visual Studio Version 17
VisualStudioVersion = 17.3.32929.385
MinimumVisualStudioVersion = 10.0.40219.1
Project("{9A19103F-16F7-4668-BE54-9A1E7A4F7556}") = "Main", "Main\Main.csproj", "{545A78EF-1159-4E93-8AB6-1B625E17A4FE}"
EndProject
Project("{FAE04EC0-301F-11D3-BF4B-00C04F79EFBC}") = "Database", "Database\Database.csproj", "{30CDFCB6-4F4C-4C25-888A-42A1C5D34227}"
EndProject
Project("{FAE04EC0-301F-11D3-BF4B-00C04F79EFBC}") = "UniversityData", "UniversityData\UniversityData.csproj", "{0BEF0733-3C02-4DC9-BD57-9A239915A844}"
EndProject
Project("{FAE04EC0-301F-11D3-BF4B-00C04F79EFBC}") = "UniversityViewer", "UniversityViewer\UniversityViewer.csproj", "{1EE83C83-EB61-4A00-B6CA-77EA6161F230}"
EndProject
Global
	GlobalSection(SolutionConfigurationPlatforms) = preSolution
		Debug|Any CPU = Debug|Any CPU
		Release|Any CPU = Release|Any CPU
	EndGlobalSection
	GlobalSection(ProjectConfigurationPlatforms) = postSolution
		{545A78EF-1159-4E93-8AB6-1B625E17A4FE}.Debug|Any CPU.ActiveCfg = Debug|Any CPU
		{545A78EF-1159-4E93-8AB6-1B625E17A4FE}.Debug|Any CPU.Build.0 = Debug|Any CPU
		{545A78EF-1159-4E93-8AB6-1B625E17A4FE}.Release|Any CPU.ActiveCfg = Release|Any CPU
		{545A78EF-1159-4E93-8AB6-1B625E17A4FE}.Release|Any CPU.Build.0 = Release|Any CPU
		{30CDFCB6-4F4C-4C25-888A-42A1C5D34227}.Debug|Any CPU.ActiveCfg = Debug|Any CPU
		{30CDFCB6-4F4C-4C25-888A-42A1C5D34227}.Debug|Any CPU.Build.0 = Debug|Any CPU
		{30CDFCB6-4F4C-4C25-888A-42A1C5D34227}.Release|Any CPU.ActiveCfg = Release|Any CPU
		{30CDFCB6-4F4C-4C25-888A-42A1C5D34227}.Release|Any CPU.Build.0 = Release|Any CPU
		{0BEF0733-3C02-4DC9-BD57-9A239915A844}.Debug|Any CPU.ActiveCfg = Debug|Any CPU
		{0BEF0733-3C02-4DC9-BD57-9A239915A844}.Debug|Any CPU.Build.0 = Debug|Any CPU
		{0BEF0733-3C02-4DC9-BD57-9A239915A844}.Release|Any CPU.ActiveCfg = Release|Any CPU
		{0BEF0733-3C02-4DC9-BD57-9A239915A844}.Release|Any CPU.Build.0 = Release|Any CPU
		{1EE83C83-EB61-4A00-B6CA-77EA6161F230}.Debug|Any CPU.ActiveCfg = Debug|Any CPU
		{1EE83C83-EB61-4A00-B6CA-77EA6161F230}.Debug|Any CPU.Build.0 = Debug|Any CPU
		{1EE83C83-EB61-4A00-B6CA-77EA6161F230}.Release|Any CPU.ActiveCfg = Release|Any CPU
		{1EE83C83-EB61-4A00-B6CA-77EA6161F230}.Release|Any CPU.Build.0 = Release|Any CPU
	EndGlobalSection
	GlobalSection(SolutionProperties) = preSolution
		HideSolutionNode = FALSE
	EndGlobalSection
	GlobalSection(ExtensibilityGlobals) = postSolution
		SolutionGuid = {09B5F4DE-72E1-4B15-AD0A-87A143163DE9}
	EndGlobalSection
EndGlobal
